
Microsoft Visual Studio Solution File, Format Version 11.00
# Visual Studio 2010
Project("{54435603-DBB4-11D2-8724-00A0C9A8B90C}") = "SetupMyOutlookAddIn", "SetupMyOutlookAddIn\SetupMyOutlookAddIn.vdproj", "{B0C78EED-727A-4214-B93A-B182A2DED380}"
EndProject
Global
	GlobalSection(SolutionConfigurationPlatforms) = preSolution
		Debug|Default = Debug|Default
		Release|Default = Release|Default
	EndGlobalSection
	GlobalSection(ProjectConfigurationPlatforms) = postSolution
		{B0C78EED-727A-4214-B93A-B182A2DED380}.Debug|Default.ActiveCfg = Debug
		{B0C78EED-727A-4214-B93A-B182A2DED380}.Debug|Default.Build.0 = Debug
		{B0C78EED-727A-4214-B93A-B182A2DED380}.Release|Default.ActiveCfg = Release
		{B0C78EED-727A-4214-B93A-B182A2DED380}.Release|Default.Build.0 = Release
	EndGlobalSection
	GlobalSection(SolutionProperties) = preSolution
		HideSolutionNode = FALSE
	EndGlobalSection
EndGlobal
